
Microsoft Visual Studio Solution File, Format Version 12.00
# Visual Studio 15
VisualStudioVersion = 15.0.27130.2010
MinimumVisualStudioVersion = 10.0.40219.1
Project("{FAE04EC0-301F-11D3-BF4B-00C04F79EFBC}") = "DynamicaLabsTT", "DynamicaLabsTT\DynamicaLabsTT.csproj", "{D4F1141D-4159-4FDC-9CDD-A6D56459B6D9}"
EndProject
Project("{FAE04EC0-301F-11D3-BF4B-00C04F79EFBC}") = "HubSportService", "HubSportService\HubSportService.csproj", "{AD596613-1551-4551-A6F8-FE295EAA09D1}"
EndProject
Global
	GlobalSection(SolutionConfigurationPlatforms) = preSolution
		Debug|Any CPU = Debug|Any CPU
		Release|Any CPU = Release|Any CPU
	EndGlobalSection
	GlobalSection(ProjectConfigurationPlatforms) = postSolution
		{D4F1141D-4159-4FDC-9CDD-A6D56459B6D9}.Debug|Any CPU.ActiveCfg = Debug|Any CPU
		{D4F1141D-4159-4FDC-9CDD-A6D56459B6D9}.Debug|Any CPU.Build.0 = Debug|Any CPU
		{D4F1141D-4159-4FDC-9CDD-A6D56459B6D9}.Release|Any CPU.ActiveCfg = Release|Any CPU
		{D4F1141D-4159-4FDC-9CDD-A6D56459B6D9}.Release|Any CPU.Build.0 = Release|Any CPU
		{AD596613-1551-4551-A6F8-FE295EAA09D1}.Debug|Any CPU.ActiveCfg = Debug|Any CPU
		{AD596613-1551-4551-A6F8-FE295EAA09D1}.Debug|Any CPU.Build.0 = Debug|Any CPU
		{AD596613-1551-4551-A6F8-FE295EAA09D1}.Release|Any CPU.ActiveCfg = Release|Any CPU
		{AD596613-1551-4551-A6F8-FE295EAA09D1}.Release|Any CPU.Build.0 = Release|Any CPU
	EndGlobalSection
	GlobalSection(SolutionProperties) = preSolution
		HideSolutionNode = FALSE
	EndGlobalSection
	GlobalSection(ExtensibilityGlobals) = postSolution
		SolutionGuid = {4713C42C-DF37-4693-9E23-2E97095BF013}
	EndGlobalSection
EndGlobal
